
Microsoft Visual Studio Solution File, Format Version 12.00
# Visual Studio Version 16
VisualStudioVersion = 16.0.30717.126
MinimumVisualStudioVersion = 10.0.40219.1
Project("{FAE04EC0-301F-11D3-BF4B-00C04F79EFBC}") = "DataLayer", "DataLayer\DataLayer.csproj", "{3052F32D-1D1B-46C0-9D65-3CF4537A8B15}"
EndProject
Project("{FAE04EC0-301F-11D3-BF4B-00C04F79EFBC}") = "PresentationLayer", "PresentationLayer\PresentationLayer.csproj", "{97544705-68AB-447F-9F0A-63EA8E0EC9F8}"
EndProject
Global
	GlobalSection(SolutionConfigurationPlatforms) = preSolution
		Debug|Any CPU = Debug|Any CPU
		Release|Any CPU = Release|Any CPU
	EndGlobalSection
	GlobalSection(ProjectConfigurationPlatforms) = postSolution
		{3052F32D-1D1B-46C0-9D65-3CF4537A8B15}.Debug|Any CPU.ActiveCfg = Debug|Any CPU
		{3052F32D-1D1B-46C0-9D65-3CF4537A8B15}.Debug|Any CPU.Build.0 = Debug|Any CPU
		{3052F32D-1D1B-46C0-9D65-3CF4537A8B15}.Release|Any CPU.ActiveCfg = Release|Any CPU
		{3052F32D-1D1B-46C0-9D65-3CF4537A8B15}.Release|Any CPU.Build.0 = Release|Any CPU
		{97544705-68AB-447F-9F0A-63EA8E0EC9F8}.Debug|Any CPU.ActiveCfg = Debug|Any CPU
		{97544705-68AB-447F-9F0A-63EA8E0EC9F8}.Debug|Any CPU.Build.0 = Debug|Any CPU
		{97544705-68AB-447F-9F0A-63EA8E0EC9F8}.Release|Any CPU.ActiveCfg = Release|Any CPU
		{97544705-68AB-447F-9F0A-63EA8E0EC9F8}.Release|Any CPU.Build.0 = Release|Any CPU
	EndGlobalSection
	GlobalSection(SolutionProperties) = preSolution
		HideSolutionNode = FALSE
	EndGlobalSection
	GlobalSection(ExtensibilityGlobals) = postSolution
		SolutionGuid = {6773D77E-A656-4929-8C22-794D5628A9A9}
	EndGlobalSection
EndGlobal
